// !$*UTF8*$!
{
	archiveVersion = 1;
	classes = {
	};
	objectVersion = 52;
	objects = {

/* Begin PBXBuildFile section */
		119A826CA9E0D03C55D46C21 /* Pods_Shoo.framework in Frameworks */ = {isa = PBXBuildFile; fileRef = 9F9C7F1ED6940993E4B38ACE /* Pods_Shoo.framework */; };
		1346B9F0246F870400EECEC9 /* TimeSliderView.swift in Sources */ = {isa = PBXBuildFile; fileRef = 1346B9EF246F870400EECEC9 /* TimeSliderView.swift */; };
		1349BE4D24771F0900F5704A /* SettingsView.swift in Sources */ = {isa = PBXBuildFile; fileRef = 1349BE4C24771F0800F5704A /* SettingsView.swift */; };
		1349BE4F2477544F00F5704A /* TopView.swift in Sources */ = {isa = PBXBuildFile; fileRef = 1349BE4E2477544E00F5704A /* TopView.swift */; };
		13EF84B1246DACB30049CCD1 /* AppDelegate.swift in Sources */ = {isa = PBXBuildFile; fileRef = 13EF84B0246DACB30049CCD1 /* AppDelegate.swift */; };
		13EF84B3246DACB30049CCD1 /* SceneDelegate.swift in Sources */ = {isa = PBXBuildFile; fileRef = 13EF84B2246DACB30049CCD1 /* SceneDelegate.swift */; };
		13EF84B5246DACB30049CCD1 /* ContentView.swift in Sources */ = {isa = PBXBuildFile; fileRef = 13EF84B4246DACB30049CCD1 /* ContentView.swift */; };
		13EF84B7246DACB90049CCD1 /* Assets.xcassets in Resources */ = {isa = PBXBuildFile; fileRef = 13EF84B6246DACB90049CCD1 /* Assets.xcassets */; };
		13EF84BA246DACB90049CCD1 /* Preview Assets.xcassets in Resources */ = {isa = PBXBuildFile; fileRef = 13EF84B9246DACB90049CCD1 /* Preview Assets.xcassets */; };
		13EF84BD246DACB90049CCD1 /* LaunchScreen.storyboard in Resources */ = {isa = PBXBuildFile; fileRef = 13EF84BB246DACB90049CCD1 /* LaunchScreen.storyboard */; };
		13EF84C5246DB13C0049CCD1 /* PersonView.swift in Sources */ = {isa = PBXBuildFile; fileRef = 13EF84C4246DB13C0049CCD1 /* PersonView.swift */; };
		13FE4B5A246E32F800D15BE9 /* FreePeopleView.swift in Sources */ = {isa = PBXBuildFile; fileRef = 13FE4B59246E32F800D15BE9 /* FreePeopleView.swift */; };
		5398FA4B2474E62B00467D67 /* EditCardView.swift in Sources */ = {isa = PBXBuildFile; fileRef = 5398FA4A2474E62B00467D67 /* EditCardView.swift */; };
		5398FA4D2474E63800467D67 /* BottomView.swift in Sources */ = {isa = PBXBuildFile; fileRef = 5398FA4C2474E63800467D67 /* BottomView.swift */; };
		5398FA4F2474E7D500467D67 /* ProgressView.swift in Sources */ = {isa = PBXBuildFile; fileRef = 5398FA4E2474E7D500467D67 /* ProgressView.swift */; };
		5398FA522474F2F500467D67 /* EditHomeView.swift in Sources */ = {isa = PBXBuildFile; fileRef = 5398FA512474F2F500467D67 /* EditHomeView.swift */; };
		5398FA552474F33200467D67 /* SignInView.swift in Sources */ = {isa = PBXBuildFile; fileRef = 5398FA542474F33200467D67 /* SignInView.swift */; };
		5398FA5C2474F47E00467D67 /* Default-568h@2x.png in Resources */ = {isa = PBXBuildFile; fileRef = 5398FA5B2474F47E00467D67 /* Default-568h@2x.png */; };
		5398FA5F247502F700467D67 /* CodeScanner in Frameworks */ = {isa = PBXBuildFile; productRef = 5398FA5E247502F700467D67 /* CodeScanner */; };
		53DDBA6824745D3200D07C60 /* Mate.swift in Sources */ = {isa = PBXBuildFile; fileRef = 53DDBA6724745D3200D07C60 /* Mate.swift */; };
		53EB16B22471B9F10054D68A /* HomeView.swift in Sources */ = {isa = PBXBuildFile; fileRef = 53EB16B12471B9F10054D68A /* HomeView.swift */; };
		53EB16BB2471BBC60054D68A /* Fire.swift in Sources */ = {isa = PBXBuildFile; fileRef = 53EB16B92471BBC60054D68A /* Fire.swift */; };
		53EB16BC2471BBC60054D68A /* FireUI.swift in Sources */ = {isa = PBXBuildFile; fileRef = 53EB16B72471BBC60054D68A /* FireUI.swift */; };
		53EB16BD2471BBC60054D68A /* FireError.swift in Sources */ = {isa = PBXBuildFile; fileRef = 53EB16B82471BBC60054D68A /* FireError.swift */; };
		53EB16BE2471BBC60054D68A /* FireAuth.swift in Sources */ = {isa = PBXBuildFile; fileRef = 53EB16B32471BBC50054D68A /* FireAuth.swift */; };
		53EB16BF2471BBC60054D68A /* LaunchScreenView.swift in Sources */ = {isa = PBXBuildFile; fileRef = 53EB16B42471BBC60054D68A /* LaunchScreenView.swift */; };
		53EB16C12471BBC60054D68A /* FireFirestore.swift in Sources */ = {isa = PBXBuildFile; fileRef = 53EB16B62471BBC60054D68A /* FireFirestore.swift */; };
		53EB16CC2471BBD60054D68A /* DocumentSerializable.swift in Sources */ = {isa = PBXBuildFile; fileRef = 53EB16C72471BBD50054D68A /* DocumentSerializable.swift */; };
		53EB16CD2471BBD60054D68A /* Typealiases.swift in Sources */ = {isa = PBXBuildFile; fileRef = 53EB16CB2471BBD60054D68A /* Typealiases.swift */; };
		53EB16CE2471BBD60054D68A /* ActivityIndicatorView.swift in Sources */ = {isa = PBXBuildFile; fileRef = 53EB16C52471BBD50054D68A /* ActivityIndicatorView.swift */; };
		53EB16CF2471BBD60054D68A /* Profile.swift in Sources */ = {isa = PBXBuildFile; fileRef = 53EB16CA2471BBD60054D68A /* Profile.swift */; };
		53EB16D02471BBD60054D68A /* SignInWithAppleView.swift in Sources */ = {isa = PBXBuildFile; fileRef = 53EB16C62471BBD50054D68A /* SignInWithAppleView.swift */; };
		53EB16D12471BBD60054D68A /* FireKeys.swift in Sources */ = {isa = PBXBuildFile; fileRef = 53EB16C82471BBD50054D68A /* FireKeys.swift */; };
		53EB16D22471BBD60054D68A /* ActivityIndicator.swift in Sources */ = {isa = PBXBuildFile; fileRef = 53EB16C92471BBD50054D68A /* ActivityIndicator.swift */; };
		53EB16D92471C28A0054D68A /* GoogleService-Info.plist in Resources */ = {isa = PBXBuildFile; fileRef = 53EB16D82471C28A0054D68A /* GoogleService-Info.plist */; };
		53EB16DB2471F66A0054D68A /* ReasonView.swift in Sources */ = {isa = PBXBuildFile; fileRef = 53EB16DA2471F66A0054D68A /* ReasonView.swift */; };
		53F46F1A2476461B00BC02AD /* HandleView.swift in Sources */ = {isa = PBXBuildFile; fileRef = 53F46F192476461B00BC02AD /* HandleView.swift */; };
		53F46F20247707F400BC02AD /* KeyboardAdaptive.swift in Sources */ = {isa = PBXBuildFile; fileRef = 53F46F1F247707F400BC02AD /* KeyboardAdaptive.swift */; };
		53F46F222477082200BC02AD /* KeyboardHeightPublisher.swift in Sources */ = {isa = PBXBuildFile; fileRef = 53F46F212477082200BC02AD /* KeyboardHeightPublisher.swift */; };
		53F46F242477083B00BC02AD /* UIResponder+Current.swift in Sources */ = {isa = PBXBuildFile; fileRef = 53F46F232477083B00BC02AD /* UIResponder+Current.swift */; };
		53F46F26247725CB00BC02AD /* TextFieldAlert.swift in Sources */ = {isa = PBXBuildFile; fileRef = 53F46F25247725CB00BC02AD /* TextFieldAlert.swift */; };
/* End PBXBuildFile section */

/* Begin PBXFileReference section */
		1346B9EF246F870400EECEC9 /* TimeSliderView.swift */ = {isa = PBXFileReference; lastKnownFileType = sourcecode.swift; path = TimeSliderView.swift; sourceTree = "<group>"; };
		1349BE4C24771F0800F5704A /* SettingsView.swift */ = {isa = PBXFileReference; lastKnownFileType = sourcecode.swift; path = SettingsView.swift; sourceTree = "<group>"; };
		1349BE4E2477544E00F5704A /* TopView.swift */ = {isa = PBXFileReference; lastKnownFileType = sourcecode.swift; path = TopView.swift; sourceTree = "<group>"; };
		13EF84AD246DACB30049CCD1 /* Shoo.app */ = {isa = PBXFileReference; explicitFileType = wrapper.application; includeInIndex = 0; path = Shoo.app; sourceTree = BUILT_PRODUCTS_DIR; };
		13EF84B0246DACB30049CCD1 /* AppDelegate.swift */ = {isa = PBXFileReference; lastKnownFileType = sourcecode.swift; path = AppDelegate.swift; sourceTree = "<group>"; };
		13EF84B2246DACB30049CCD1 /* SceneDelegate.swift */ = {isa = PBXFileReference; lastKnownFileType = sourcecode.swift; path = SceneDelegate.swift; sourceTree = "<group>"; };
		13EF84B4246DACB30049CCD1 /* ContentView.swift */ = {isa = PBXFileReference; lastKnownFileType = sourcecode.swift; path = ContentView.swift; sourceTree = "<group>"; };
		13EF84B6246DACB90049CCD1 /* Assets.xcassets */ = {isa = PBXFileReference; lastKnownFileType = folder.assetcatalog; path = Assets.xcassets; sourceTree = "<group>"; };
		13EF84B9246DACB90049CCD1 /* Preview Assets.xcassets */ = {isa = PBXFileReference; lastKnownFileType = folder.assetcatalog; path = "Preview Assets.xcassets"; sourceTree = "<group>"; };
		13EF84BC246DACB90049CCD1 /* Base */ = {isa = PBXFileReference; lastKnownFileType = file.storyboard; name = Base; path = Base.lproj/LaunchScreen.storyboard; sourceTree = "<group>"; };
		13EF84BE246DACB90049CCD1 /* Info.plist */ = {isa = PBXFileReference; lastKnownFileType = text.plist.xml; path = Info.plist; sourceTree = "<group>"; };
		13EF84C4246DB13C0049CCD1 /* PersonView.swift */ = {isa = PBXFileReference; lastKnownFileType = sourcecode.swift; path = PersonView.swift; sourceTree = "<group>"; };
		13FE4B59246E32F800D15BE9 /* FreePeopleView.swift */ = {isa = PBXFileReference; lastKnownFileType = sourcecode.swift; path = FreePeopleView.swift; sourceTree = "<group>"; };
		19D61C28CE417EC4A67E5C38 /* Pods-Shoo.debug.xcconfig */ = {isa = PBXFileReference; includeInIndex = 1; lastKnownFileType = text.xcconfig; name = "Pods-Shoo.debug.xcconfig"; path = "Target Support Files/Pods-Shoo/Pods-Shoo.debug.xcconfig"; sourceTree = "<group>"; };
		5336251E2470A21800E0B2AD /* Shoo.entitlements */ = {isa = PBXFileReference; lastKnownFileType = text.plist.entitlements; path = Shoo.entitlements; sourceTree = "<group>"; };
		5398FA4A2474E62B00467D67 /* EditCardView.swift */ = {isa = PBXFileReference; fileEncoding = 4; lastKnownFileType = sourcecode.swift; path = EditCardView.swift; sourceTree = "<group>"; };
		5398FA4C2474E63800467D67 /* BottomView.swift */ = {isa = PBXFileReference; fileEncoding = 4; lastKnownFileType = sourcecode.swift; path = BottomView.swift; sourceTree = "<group>"; };
		5398FA4E2474E7D500467D67 /* ProgressView.swift */ = {isa = PBXFileReference; fileEncoding = 4; lastKnownFileType = sourcecode.swift; path = ProgressView.swift; sourceTree = "<group>"; };
		5398FA512474F2F500467D67 /* EditHomeView.swift */ = {isa = PBXFileReference; lastKnownFileType = sourcecode.swift; path = EditHomeView.swift; sourceTree = "<group>"; };
		5398FA542474F33200467D67 /* SignInView.swift */ = {isa = PBXFileReference; lastKnownFileType = sourcecode.swift; path = SignInView.swift; sourceTree = "<group>"; };
		5398FA5B2474F47E00467D67 /* Default-568h@2x.png */ = {isa = PBXFileReference; lastKnownFileType = image.png; path = "Default-568h@2x.png"; sourceTree = "<group>"; };
		53DDBA6724745D3200D07C60 /* Mate.swift */ = {isa = PBXFileReference; lastKnownFileType = sourcecode.swift; path = Mate.swift; sourceTree = "<group>"; };
		53EB16B12471B9F10054D68A /* HomeView.swift */ = {isa = PBXFileReference; lastKnownFileType = sourcecode.swift; path = HomeView.swift; sourceTree = "<group>"; };
		53EB16B32471BBC50054D68A /* FireAuth.swift */ = {isa = PBXFileReference; lastKnownFileType = sourcecode.swift; path = FireAuth.swift; sourceTree = "<group>"; };
		53EB16B42471BBC60054D68A /* LaunchScreenView.swift */ = {isa = PBXFileReference; lastKnownFileType = sourcecode.swift; path = LaunchScreenView.swift; sourceTree = "<group>"; };
		53EB16B62471BBC60054D68A /* FireFirestore.swift */ = {isa = PBXFileReference; lastKnownFileType = sourcecode.swift; path = FireFirestore.swift; sourceTree = "<group>"; };
		53EB16B72471BBC60054D68A /* FireUI.swift */ = {isa = PBXFileReference; lastKnownFileType = sourcecode.swift; path = FireUI.swift; sourceTree = "<group>"; };
		53EB16B82471BBC60054D68A /* FireError.swift */ = {isa = PBXFileReference; lastKnownFileType = sourcecode.swift; path = FireError.swift; sourceTree = "<group>"; };
		53EB16B92471BBC60054D68A /* Fire.swift */ = {isa = PBXFileReference; lastKnownFileType = sourcecode.swift; path = Fire.swift; sourceTree = "<group>"; };
		53EB16C52471BBD50054D68A /* ActivityIndicatorView.swift */ = {isa = PBXFileReference; lastKnownFileType = sourcecode.swift; path = ActivityIndicatorView.swift; sourceTree = "<group>"; };
		53EB16C62471BBD50054D68A /* SignInWithAppleView.swift */ = {isa = PBXFileReference; lastKnownFileType = sourcecode.swift; path = SignInWithAppleView.swift; sourceTree = "<group>"; };
		53EB16C72471BBD50054D68A /* DocumentSerializable.swift */ = {isa = PBXFileReference; lastKnownFileType = sourcecode.swift; path = DocumentSerializable.swift; sourceTree = "<group>"; };
		53EB16C82471BBD50054D68A /* FireKeys.swift */ = {isa = PBXFileReference; lastKnownFileType = sourcecode.swift; path = FireKeys.swift; sourceTree = "<group>"; };
		53EB16C92471BBD50054D68A /* ActivityIndicator.swift */ = {isa = PBXFileReference; lastKnownFileType = sourcecode.swift; path = ActivityIndicator.swift; sourceTree = "<group>"; };
		53EB16CA2471BBD60054D68A /* Profile.swift */ = {isa = PBXFileReference; lastKnownFileType = sourcecode.swift; path = Profile.swift; sourceTree = "<group>"; };
		53EB16CB2471BBD60054D68A /* Typealiases.swift */ = {isa = PBXFileReference; lastKnownFileType = sourcecode.swift; path = Typealiases.swift; sourceTree = "<group>"; };
		53EB16D82471C28A0054D68A /* GoogleService-Info.plist */ = {isa = PBXFileReference; fileEncoding = 4; lastKnownFileType = text.plist.xml; path = "GoogleService-Info.plist"; sourceTree = "<group>"; };
		53EB16DA2471F66A0054D68A /* ReasonView.swift */ = {isa = PBXFileReference; lastKnownFileType = sourcecode.swift; path = ReasonView.swift; sourceTree = "<group>"; };
		53F46F192476461B00BC02AD /* HandleView.swift */ = {isa = PBXFileReference; lastKnownFileType = sourcecode.swift; path = HandleView.swift; sourceTree = "<group>"; };
		53F46F1F247707F400BC02AD /* KeyboardAdaptive.swift */ = {isa = PBXFileReference; lastKnownFileType = sourcecode.swift; path = KeyboardAdaptive.swift; sourceTree = "<group>"; };
		53F46F212477082200BC02AD /* KeyboardHeightPublisher.swift */ = {isa = PBXFileReference; lastKnownFileType = sourcecode.swift; path = KeyboardHeightPublisher.swift; sourceTree = "<group>"; };
		53F46F232477083B00BC02AD /* UIResponder+Current.swift */ = {isa = PBXFileReference; lastKnownFileType = sourcecode.swift; path = "UIResponder+Current.swift"; sourceTree = "<group>"; };
		53F46F25247725CB00BC02AD /* TextFieldAlert.swift */ = {isa = PBXFileReference; lastKnownFileType = sourcecode.swift; path = TextFieldAlert.swift; sourceTree = "<group>"; };
		9F9C7F1ED6940993E4B38ACE /* Pods_Shoo.framework */ = {isa = PBXFileReference; explicitFileType = wrapper.framework; includeInIndex = 0; path = Pods_Shoo.framework; sourceTree = BUILT_PRODUCTS_DIR; };
		D6546FD8C1DDDF477EA0C54D /* Pods-Shoo.release.xcconfig */ = {isa = PBXFileReference; includeInIndex = 1; lastKnownFileType = text.xcconfig; name = "Pods-Shoo.release.xcconfig"; path = "Target Support Files/Pods-Shoo/Pods-Shoo.release.xcconfig"; sourceTree = "<group>"; };
/* End PBXFileReference section */

/* Begin PBXFrameworksBuildPhase section */
		13EF84AA246DACB30049CCD1 /* Frameworks */ = {
			isa = PBXFrameworksBuildPhase;
			buildActionMask = 2147483647;
			files = (
				5398FA5F247502F700467D67 /* CodeScanner in Frameworks */,
				119A826CA9E0D03C55D46C21 /* Pods_Shoo.framework in Frameworks */,
			);
			runOnlyForDeploymentPostprocessing = 0;
		};
/* End PBXFrameworksBuildPhase section */

/* Begin PBXGroup section */
		08FD44192C22C5A9D8417A4B /* Frameworks */ = {
			isa = PBXGroup;
			children = (
				9F9C7F1ED6940993E4B38ACE /* Pods_Shoo.framework */,
			);
			name = Frameworks;
			sourceTree = "<group>";
		};
		13EF84A4246DACB30049CCD1 = {
			isa = PBXGroup;
			children = (
				13EF84AF246DACB30049CCD1 /* Shoo */,
				13EF84AE246DACB30049CCD1 /* Products */,
				8E8BD6CC2FFB35C542E01025 /* Pods */,
				08FD44192C22C5A9D8417A4B /* Frameworks */,
			);
			sourceTree = "<group>";
		};
		13EF84AE246DACB30049CCD1 /* Products */ = {
			isa = PBXGroup;
			children = (
				13EF84AD246DACB30049CCD1 /* Shoo.app */,
			);
			name = Products;
			sourceTree = "<group>";
		};
		13EF84AF246DACB30049CCD1 /* Shoo */ = {
			isa = PBXGroup;
			children = (
				13EF84BE246DACB90049CCD1 /* Info.plist */,
				5336251E2470A21800E0B2AD /* Shoo.entitlements */,
				5398FA572474F38200467D67 /* Reusable Views */,
				5398FA532474F30900467D67 /* Sheet Views */,
				5398FA502474F1AD00467D67 /* Main Views */,
				5398FA5A2474F41900467D67 /* Structs and Classes */,
				5398FA592474F3BD00467D67 /* Fire */,
				5398FA582474F3AC00467D67 /* Native Controllers */,
				13EF84B8246DACB90049CCD1 /* Preview Content */,
			);
			path = Shoo;
			sourceTree = "<group>";
		};
		13EF84B8246DACB90049CCD1 /* Preview Content */ = {
			isa = PBXGroup;
			children = (
				13EF84B9246DACB90049CCD1 /* Preview Assets.xcassets */,
			);
			path = "Preview Content";
			sourceTree = "<group>";
		};
		5398FA502474F1AD00467D67 /* Main Views */ = {
			isa = PBXGroup;
			children = (
				13EF84B4246DACB30049CCD1 /* ContentView.swift */,
				53EB16B12471B9F10054D68A /* HomeView.swift */,
				1349BE4C24771F0800F5704A /* SettingsView.swift */,
				5398FA542474F33200467D67 /* SignInView.swift */,
				53EB16B42471BBC60054D68A /* LaunchScreenView.swift */,
			);
			path = "Main Views";
			sourceTree = "<group>";
		};
		5398FA532474F30900467D67 /* Sheet Views */ = {
			isa = PBXGroup;
			children = (
				5398FA4A2474E62B00467D67 /* EditCardView.swift */,
				5398FA512474F2F500467D67 /* EditHomeView.swift */,
			);
			name = "Sheet Views";
			path = ..;
			sourceTree = "<group>";
		};
		5398FA572474F38200467D67 /* Reusable Views */ = {
			isa = PBXGroup;
			children = (
				1349BE4E2477544E00F5704A /* TopView.swift */,
				5398FA4C2474E63800467D67 /* BottomView.swift */,
				13FE4B59246E32F800D15BE9 /* FreePeopleView.swift */,
				1346B9EF246F870400EECEC9 /* TimeSliderView.swift */,
				13EF84C4246DB13C0049CCD1 /* PersonView.swift */,
				5398FA4E2474E7D500467D67 /* ProgressView.swift */,
				53EB16DA2471F66A0054D68A /* ReasonView.swift */,
				53F46F192476461B00BC02AD /* HandleView.swift */,
			);
			name = "Reusable Views";
			path = ..;
			sourceTree = "<group>";
		};
		5398FA582474F3AC00467D67 /* Native Controllers */ = {
			isa = PBXGroup;
			children = (
				5398FA5B2474F47E00467D67 /* Default-568h@2x.png */,
				13EF84B6246DACB90049CCD1 /* Assets.xcassets */,
				13EF84B2246DACB30049CCD1 /* SceneDelegate.swift */,
				13EF84B0246DACB30049CCD1 /* AppDelegate.swift */,
				13EF84BB246DACB90049CCD1 /* LaunchScreen.storyboard */,
				53EB16D82471C28A0054D68A /* GoogleService-Info.plist */,
			);
			path = "Native Controllers";
			sourceTree = "<group>";
		};
		5398FA592474F3BD00467D67 /* Fire */ = {
			isa = PBXGroup;
			children = (
				53EB16C92471BBD50054D68A /* ActivityIndicator.swift */,
				53EB16C52471BBD50054D68A /* ActivityIndicatorView.swift */,
				53EB16B92471BBC60054D68A /* Fire.swift */,
				53EB16B32471BBC50054D68A /* FireAuth.swift */,
				53EB16B82471BBC60054D68A /* FireError.swift */,
				53EB16B62471BBC60054D68A /* FireFirestore.swift */,
				53EB16B72471BBC60054D68A /* FireUI.swift */,
				53EB16C82471BBD50054D68A /* FireKeys.swift */,
				53EB16C62471BBD50054D68A /* SignInWithAppleView.swift */,
			);
			path = Fire;
			sourceTree = "<group>";
		};
		5398FA5A2474F41900467D67 /* Structs and Classes */ = {
			isa = PBXGroup;
			children = (
				53EB16CA2471BBD60054D68A /* Profile.swift */,
				53EB16CB2471BBD60054D68A /* Typealiases.swift */,
				53F46F1F247707F400BC02AD /* KeyboardAdaptive.swift */,
				53F46F212477082200BC02AD /* KeyboardHeightPublisher.swift */,
				53F46F232477083B00BC02AD /* UIResponder+Current.swift */,
				53EB16C72471BBD50054D68A /* DocumentSerializable.swift */,
				53DDBA6724745D3200D07C60 /* Mate.swift */,
				53F46F25247725CB00BC02AD /* TextFieldAlert.swift */,
			);
			path = "Structs and Classes";
			sourceTree = "<group>";
		};
		8E8BD6CC2FFB35C542E01025 /* Pods */ = {
			isa = PBXGroup;
			children = (
				19D61C28CE417EC4A67E5C38 /* Pods-Shoo.debug.xcconfig */,
				D6546FD8C1DDDF477EA0C54D /* Pods-Shoo.release.xcconfig */,
			);
			path = Pods;
			sourceTree = "<group>";
		};
/* End PBXGroup section */

/* Begin PBXNativeTarget section */
		13EF84AC246DACB30049CCD1 /* Shoo */ = {
			isa = PBXNativeTarget;
			buildConfigurationList = 13EF84C1246DACB90049CCD1 /* Build configuration list for PBXNativeTarget "Shoo" */;
			buildPhases = (
				132CE4A0DC165E32F8D326D8 /* [CP] Check Pods Manifest.lock */,
				13EF84A9246DACB30049CCD1 /* Sources */,
				13EF84AA246DACB30049CCD1 /* Frameworks */,
				13EF84AB246DACB30049CCD1 /* Resources */,
				DE39288A46EC7B4902394FD5 /* [CP] Embed Pods Frameworks */,
			);
			buildRules = (
			);
			dependencies = (
			);
			name = Shoo;
			packageProductDependencies = (
				5398FA5E247502F700467D67 /* CodeScanner */,
			);
			productName = Shoo;
			productReference = 13EF84AD246DACB30049CCD1 /* Shoo.app */;
			productType = "com.apple.product-type.application";
		};
/* End PBXNativeTarget section */

/* Begin PBXProject section */
		13EF84A5246DACB30049CCD1 /* Project object */ = {
			isa = PBXProject;
			attributes = {
				LastSwiftUpdateCheck = 1140;
				LastUpgradeCheck = 1140;
				ORGANIZATIONNAME = "Alexander Schiff";
				TargetAttributes = {
					13EF84AC246DACB30049CCD1 = {
						CreatedOnToolsVersion = 11.4.1;
					};
				};
			};
			buildConfigurationList = 13EF84A8246DACB30049CCD1 /* Build configuration list for PBXProject "Shoo" */;
			compatibilityVersion = "Xcode 9.3";
			developmentRegion = en;
			hasScannedForEncodings = 0;
			knownRegions = (
				en,
				Base,
			);
			mainGroup = 13EF84A4246DACB30049CCD1;
			packageReferences = (
				5398FA5D247502F700467D67 /* XCRemoteSwiftPackageReference "CodeScanner" */,
			);
			productRefGroup = 13EF84AE246DACB30049CCD1 /* Products */;
			projectDirPath = "";
			projectRoot = "";
			targets = (
				13EF84AC246DACB30049CCD1 /* Shoo */,
			);
		};
/* End PBXProject section */

/* Begin PBXResourcesBuildPhase section */
		13EF84AB246DACB30049CCD1 /* Resources */ = {
			isa = PBXResourcesBuildPhase;
			buildActionMask = 2147483647;
			files = (
				53EB16D92471C28A0054D68A /* GoogleService-Info.plist in Resources */,
				13EF84BD246DACB90049CCD1 /* LaunchScreen.storyboard in Resources */,
				13EF84BA246DACB90049CCD1 /* Preview Assets.xcassets in Resources */,
				5398FA5C2474F47E00467D67 /* Default-568h@2x.png in Resources */,
				13EF84B7246DACB90049CCD1 /* Assets.xcassets in Resources */,
			);
			runOnlyForDeploymentPostprocessing = 0;
		};
/* End PBXResourcesBuildPhase section */

/* Begin PBXShellScriptBuildPhase section */
		132CE4A0DC165E32F8D326D8 /* [CP] Check Pods Manifest.lock */ = {
			isa = PBXShellScriptBuildPhase;
			buildActionMask = 2147483647;
			files = (
			);
			inputFileListPaths = (
			);
			inputPaths = (
				"${PODS_PODFILE_DIR_PATH}/Podfile.lock",
				"${PODS_ROOT}/Manifest.lock",
			);
			name = "[CP] Check Pods Manifest.lock";
			outputFileListPaths = (
			);
			outputPaths = (
				"$(DERIVED_FILE_DIR)/Pods-Shoo-checkManifestLockResult.txt",
			);
			runOnlyForDeploymentPostprocessing = 0;
			shellPath = /bin/sh;
			shellScript = "diff \"${PODS_PODFILE_DIR_PATH}/Podfile.lock\" \"${PODS_ROOT}/Manifest.lock\" > /dev/null\nif [ $? != 0 ] ; then\n    # print error to STDERR\n    echo \"error: The sandbox is not in sync with the Podfile.lock. Run 'pod install' or update your CocoaPods installation.\" >&2\n    exit 1\nfi\n# This output is used by Xcode 'outputs' to avoid re-running this script phase.\necho \"SUCCESS\" > \"${SCRIPT_OUTPUT_FILE_0}\"\n";
			showEnvVarsInLog = 0;
		};
		DE39288A46EC7B4902394FD5 /* [CP] Embed Pods Frameworks */ = {
			isa = PBXShellScriptBuildPhase;
			buildActionMask = 2147483647;
			files = (
			);
			inputFileListPaths = (
				"${PODS_ROOT}/Target Support Files/Pods-Shoo/Pods-Shoo-frameworks-${CONFIGURATION}-input-files.xcfilelist",
			);
			name = "[CP] Embed Pods Frameworks";
			outputFileListPaths = (
				"${PODS_ROOT}/Target Support Files/Pods-Shoo/Pods-Shoo-frameworks-${CONFIGURATION}-output-files.xcfilelist",
			);
			runOnlyForDeploymentPostprocessing = 0;
			shellPath = /bin/sh;
			shellScript = "\"${PODS_ROOT}/Target Support Files/Pods-Shoo/Pods-Shoo-frameworks.sh\"\n";
			showEnvVarsInLog = 0;
		};
/* End PBXShellScriptBuildPhase section */

/* Begin PBXSourcesBuildPhase section */
		13EF84A9246DACB30049CCD1 /* Sources */ = {
			isa = PBXSourcesBuildPhase;
			buildActionMask = 2147483647;
			files = (
				53F46F242477083B00BC02AD /* UIResponder+Current.swift in Sources */,
				53EB16BD2471BBC60054D68A /* FireError.swift in Sources */,
				53EB16CF2471BBD60054D68A /* Profile.swift in Sources */,
				53DDBA6824745D3200D07C60 /* Mate.swift in Sources */,
				5398FA4B2474E62B00467D67 /* EditCardView.swift in Sources */,
				1349BE4D24771F0900F5704A /* SettingsView.swift in Sources */,
				53EB16CC2471BBD60054D68A /* DocumentSerializable.swift in Sources */,
				53F46F26247725CB00BC02AD /* TextFieldAlert.swift in Sources */,
				13EF84C7246DB1AB0049CCD1 /* StoplightView.swift in Sources */,
				5398FA4F2474E7D500467D67 /* ProgressView.swift in Sources */,
				5398FA522474F2F500467D67 /* EditHomeView.swift in Sources */,
				5398FA552474F33200467D67 /* SignInView.swift in Sources */,
				53EB16DB2471F66A0054D68A /* ReasonView.swift in Sources */,
				13EF84B1246DACB30049CCD1 /* AppDelegate.swift in Sources */,
				53EB16BC2471BBC60054D68A /* FireUI.swift in Sources */,
				53EB16BB2471BBC60054D68A /* Fire.swift in Sources */,
				13EF84B3246DACB30049CCD1 /* SceneDelegate.swift in Sources */,
				5398FA4D2474E63800467D67 /* BottomView.swift in Sources */,
				53EB16BF2471BBC60054D68A /* LaunchScreenView.swift in Sources */,
				53F46F222477082200BC02AD /* KeyboardHeightPublisher.swift in Sources */,
				53EB16B22471B9F10054D68A /* HomeView.swift in Sources */,
				13EF84C5246DB13C0049CCD1 /* PersonView.swift in Sources */,
				1349BE4F2477544F00F5704A /* TopView.swift in Sources */,
				1346B9F0246F870400EECEC9 /* TimeSliderView.swift in Sources */,
				13EF84B5246DACB30049CCD1 /* ContentView.swift in Sources */,
				53EB16D22471BBD60054D68A /* ActivityIndicator.swift in Sources */,
				53EB16D02471BBD60054D68A /* SignInWithAppleView.swift in Sources */,
				53EB16D12471BBD60054D68A /* FireKeys.swift in Sources */,
				53F46F20247707F400BC02AD /* KeyboardAdaptive.swift in Sources */,
				53F46F1A2476461B00BC02AD /* HandleView.swift in Sources */,
				13FE4B5A246E32F800D15BE9 /* FreePeopleView.swift in Sources */,
				53EB16CE2471BBD60054D68A /* ActivityIndicatorView.swift in Sources */,
				53EB16C12471BBC60054D68A /* FireFirestore.swift in Sources */,
				53EB16CD2471BBD60054D68A /* Typealiases.swift in Sources */,
				53EB16BE2471BBC60054D68A /* FireAuth.swift in Sources */,
			);
			runOnlyForDeploymentPostprocessing = 0;
		};
/* End PBXSourcesBuildPhase section */

/* Begin PBXVariantGroup section */
		13EF84BB246DACB90049CCD1 /* LaunchScreen.storyboard */ = {
			isa = PBXVariantGroup;
			children = (
				13EF84BC246DACB90049CCD1 /* Base */,
			);
			name = LaunchScreen.storyboard;
			sourceTree = "<group>";
		};
/* End PBXVariantGroup section */

/* Begin XCBuildConfiguration section */
		13EF84BF246DACB90049CCD1 /* Debug */ = {
			isa = XCBuildConfiguration;
			buildSettings = {
				ALWAYS_SEARCH_USER_PATHS = NO;
				CLANG_ANALYZER_NONNULL = YES;
				CLANG_ANALYZER_NUMBER_OBJECT_CONVERSION = YES_AGGRESSIVE;
				CLANG_CXX_LANGUAGE_STANDARD = "gnu++14";
				CLANG_CXX_LIBRARY = "libc++";
				CLANG_ENABLE_MODULES = YES;
				CLANG_ENABLE_OBJC_ARC = YES;
				CLANG_ENABLE_OBJC_WEAK = YES;
				CLANG_WARN_BLOCK_CAPTURE_AUTORELEASING = YES;
				CLANG_WARN_BOOL_CONVERSION = YES;
				CLANG_WARN_COMMA = YES;
				CLANG_WARN_CONSTANT_CONVERSION = YES;
				CLANG_WARN_DEPRECATED_OBJC_IMPLEMENTATIONS = YES;
				CLANG_WARN_DIRECT_OBJC_ISA_USAGE = YES_ERROR;
				CLANG_WARN_DOCUMENTATION_COMMENTS = YES;
				CLANG_WARN_EMPTY_BODY = YES;
				CLANG_WARN_ENUM_CONVERSION = YES;
				CLANG_WARN_INFINITE_RECURSION = YES;
				CLANG_WARN_INT_CONVERSION = YES;
				CLANG_WARN_NON_LITERAL_NULL_CONVERSION = YES;
				CLANG_WARN_OBJC_IMPLICIT_RETAIN_SELF = YES;
				CLANG_WARN_OBJC_LITERAL_CONVERSION = YES;
				CLANG_WARN_OBJC_ROOT_CLASS = YES_ERROR;
				CLANG_WARN_RANGE_LOOP_ANALYSIS = YES;
				CLANG_WARN_STRICT_PROTOTYPES = YES;
				CLANG_WARN_SUSPICIOUS_MOVE = YES;
				CLANG_WARN_UNGUARDED_AVAILABILITY = YES_AGGRESSIVE;
				CLANG_WARN_UNREACHABLE_CODE = YES;
				CLANG_WARN__DUPLICATE_METHOD_MATCH = YES;
				COPY_PHASE_STRIP = NO;
				DEBUG_INFORMATION_FORMAT = dwarf;
				ENABLE_STRICT_OBJC_MSGSEND = YES;
				ENABLE_TESTABILITY = YES;
				GCC_C_LANGUAGE_STANDARD = gnu11;
				GCC_DYNAMIC_NO_PIC = NO;
				GCC_NO_COMMON_BLOCKS = YES;
				GCC_OPTIMIZATION_LEVEL = 0;
				GCC_PREPROCESSOR_DEFINITIONS = (
					"DEBUG=1",
					"$(inherited)",
				);
				GCC_WARN_64_TO_32_BIT_CONVERSION = YES;
				GCC_WARN_ABOUT_RETURN_TYPE = YES_ERROR;
				GCC_WARN_UNDECLARED_SELECTOR = YES;
				GCC_WARN_UNINITIALIZED_AUTOS = YES_AGGRESSIVE;
				GCC_WARN_UNUSED_FUNCTION = YES;
				GCC_WARN_UNUSED_VARIABLE = YES;
				IPHONEOS_DEPLOYMENT_TARGET = 13.4;
				MTL_ENABLE_DEBUG_INFO = INCLUDE_SOURCE;
				MTL_FAST_MATH = YES;
				ONLY_ACTIVE_ARCH = YES;
				SDKROOT = iphoneos;
				SWIFT_ACTIVE_COMPILATION_CONDITIONS = DEBUG;
				SWIFT_OPTIMIZATION_LEVEL = "-Onone";
			};
			name = Debug;
		};
		13EF84C0246DACB90049CCD1 /* Release */ = {
			isa = XCBuildConfiguration;
			buildSettings = {
				ALWAYS_SEARCH_USER_PATHS = NO;
				CLANG_ANALYZER_NONNULL = YES;
				CLANG_ANALYZER_NUMBER_OBJECT_CONVERSION = YES_AGGRESSIVE;
				CLANG_CXX_LANGUAGE_STANDARD = "gnu++14";
				CLANG_CXX_LIBRARY = "libc++";
				CLANG_ENABLE_MODULES = YES;
				CLANG_ENABLE_OBJC_ARC = YES;
				CLANG_ENABLE_OBJC_WEAK = YES;
				CLANG_WARN_BLOCK_CAPTURE_AUTORELEASING = YES;
				CLANG_WARN_BOOL_CONVERSION = YES;
				CLANG_WARN_COMMA = YES;
				CLANG_WARN_CONSTANT_CONVERSION = YES;
				CLANG_WARN_DEPRECATED_OBJC_IMPLEMENTATIONS = YES;
				CLANG_WARN_DIRECT_OBJC_ISA_USAGE = YES_ERROR;
				CLANG_WARN_DOCUMENTATION_COMMENTS = YES;
				CLANG_WARN_EMPTY_BODY = YES;
				CLANG_WARN_ENUM_CONVERSION = YES;
				CLANG_WARN_INFINITE_RECURSION = YES;
				CLANG_WARN_INT_CONVERSION = YES;
				CLANG_WARN_NON_LITERAL_NULL_CONVERSION = YES;
				CLANG_WARN_OBJC_IMPLICIT_RETAIN_SELF = YES;
				CLANG_WARN_OBJC_LITERAL_CONVERSION = YES;
				CLANG_WARN_OBJC_ROOT_CLASS = YES_ERROR;
				CLANG_WARN_RANGE_LOOP_ANALYSIS = YES;
				CLANG_WARN_STRICT_PROTOTYPES = YES;
				CLANG_WARN_SUSPICIOUS_MOVE = YES;
				CLANG_WARN_UNGUARDED_AVAILABILITY = YES_AGGRESSIVE;
				CLANG_WARN_UNREACHABLE_CODE = YES;
				CLANG_WARN__DUPLICATE_METHOD_MATCH = YES;
				COPY_PHASE_STRIP = NO;
				DEBUG_INFORMATION_FORMAT = "dwarf-with-dsym";
				ENABLE_NS_ASSERTIONS = NO;
				ENABLE_STRICT_OBJC_MSGSEND = YES;
				GCC_C_LANGUAGE_STANDARD = gnu11;
				GCC_NO_COMMON_BLOCKS = YES;
				GCC_WARN_64_TO_32_BIT_CONVERSION = YES;
				GCC_WARN_ABOUT_RETURN_TYPE = YES_ERROR;
				GCC_WARN_UNDECLARED_SELECTOR = YES;
				GCC_WARN_UNINITIALIZED_AUTOS = YES_AGGRESSIVE;
				GCC_WARN_UNUSED_FUNCTION = YES;
				GCC_WARN_UNUSED_VARIABLE = YES;
				IPHONEOS_DEPLOYMENT_TARGET = 13.4;
				MTL_ENABLE_DEBUG_INFO = NO;
				MTL_FAST_MATH = YES;
				SDKROOT = iphoneos;
				SWIFT_COMPILATION_MODE = wholemodule;
				SWIFT_OPTIMIZATION_LEVEL = "-O";
				VALIDATE_PRODUCT = YES;
			};
			name = Release;
		};
		13EF84C2246DACB90049CCD1 /* Debug */ = {
			isa = XCBuildConfiguration;
			baseConfigurationReference = 19D61C28CE417EC4A67E5C38 /* Pods-Shoo.debug.xcconfig */;
			buildSettings = {
				ASSETCATALOG_COMPILER_APPICON_NAME = AppIcon;
				CODE_SIGN_ENTITLEMENTS = Shoo/Shoo.entitlements;
				CODE_SIGN_IDENTITY = "Apple Development";
				CODE_SIGN_STYLE = Automatic;
				DEVELOPMENT_ASSET_PATHS = "\"Shoo/Preview Content\"";
				DEVELOPMENT_TEAM = 97J2HJ2DUM;
				ENABLE_PREVIEWS = YES;
				GCC_NO_COMMON_BLOCKS = NO;
				INFOPLIST_FILE = Shoo/Info.plist;
				IPHONEOS_DEPLOYMENT_TARGET = 13.3;
				LD_RUNPATH_SEARCH_PATHS = (
					"$(inherited)",
					"@executable_path/Frameworks",
				);
				LLVM_LTO = NO;
				MACOSX_DEPLOYMENT_TARGET = 13.4;
				PRODUCT_BUNDLE_IDENTIFIER = me.alexanderschiff.ShooApp;
				PRODUCT_NAME = "$(TARGET_NAME)";
				PROVISIONING_PROFILE_SPECIFIER = "";
				SWIFT_VERSION = 5.0;
				TARGETED_DEVICE_FAMILY = "1,2";
			};
			name = Debug;
		};
		13EF84C3246DACB90049CCD1 /* Release */ = {
			isa = XCBuildConfiguration;
			baseConfigurationReference = D6546FD8C1DDDF477EA0C54D /* Pods-Shoo.release.xcconfig */;
			buildSettings = {
				ASSETCATALOG_COMPILER_APPICON_NAME = AppIcon;
				CODE_SIGN_ENTITLEMENTS = Shoo/Shoo.entitlements;
				CODE_SIGN_IDENTITY = "Apple Development";
				CODE_SIGN_STYLE = Automatic;
				DEVELOPMENT_ASSET_PATHS = "\"Shoo/Preview Content\"";
				DEVELOPMENT_TEAM = 97J2HJ2DUM;
				ENABLE_PREVIEWS = YES;
				GCC_NO_COMMON_BLOCKS = NO;
				INFOPLIST_FILE = Shoo/Info.plist;
				IPHONEOS_DEPLOYMENT_TARGET = 13.3;
				LD_RUNPATH_SEARCH_PATHS = (
					"$(inherited)",
					"@executable_path/Frameworks",
				);
				LLVM_LTO = NO;
				MACOSX_DEPLOYMENT_TARGET = 13.4;
				PRODUCT_BUNDLE_IDENTIFIER = me.alexanderschiff.ShooApp;
				PRODUCT_NAME = "$(TARGET_NAME)";
				PROVISIONING_PROFILE_SPECIFIER = "";
				SWIFT_VERSION = 5.0;
				TARGETED_DEVICE_FAMILY = "1,2";
			};
			name = Release;
		};
/* End XCBuildConfiguration section */

/* Begin XCConfigurationList section */
		13EF84A8246DACB30049CCD1 /* Build configuration list for PBXProject "Shoo" */ = {
			isa = XCConfigurationList;
			buildConfigurations = (
				13EF84BF246DACB90049CCD1 /* Debug */,
				13EF84C0246DACB90049CCD1 /* Release */,
			);
			defaultConfigurationIsVisible = 0;
			defaultConfigurationName = Release;
		};
		13EF84C1246DACB90049CCD1 /* Build configuration list for PBXNativeTarget "Shoo" */ = {
			isa = XCConfigurationList;
			buildConfigurations = (
				13EF84C2246DACB90049CCD1 /* Debug */,
				13EF84C3246DACB90049CCD1 /* Release */,
			);
			defaultConfigurationIsVisible = 0;
			defaultConfigurationName = Release;
		};
/* End XCConfigurationList section */

/* Begin XCRemoteSwiftPackageReference section */
		5398FA5D247502F700467D67 /* XCRemoteSwiftPackageReference "CodeScanner" */ = {
			isa = XCRemoteSwiftPackageReference;
			repositoryURL = "https://github.com/twostraws/CodeScanner";
			requirement = {
				kind = upToNextMajorVersion;
				minimumVersion = 1.0.6;
			};
		};
/* End XCRemoteSwiftPackageReference section */

/* Begin XCSwiftPackageProductDependency section */
		5398FA5E247502F700467D67 /* CodeScanner */ = {
			isa = XCSwiftPackageProductDependency;
			package = 5398FA5D247502F700467D67 /* XCRemoteSwiftPackageReference "CodeScanner" */;
			productName = CodeScanner;
		};
/* End XCSwiftPackageProductDependency section */
	};
	rootObject = 13EF84A5246DACB30049CCD1 /* Project object */;
}
